PODS:
  - PureLayout (3.1.5)
  - R.swift (5.0.3):
    - R.swift.Library (~> 5.0.0)
  - R.swift.Library (5.0.1)

DEPENDENCIES:
  - PureLayout (~> 3.1)
  - R.swift (~> 5.0.0)

SPEC REPOS:
  https://github.com/CocoaPods/Specs.git:
    - PureLayout
    - R.swift
    - R.swift.Library

SPEC CHECKSUMS:
  PureLayout: 9b4ad47b2f0388c84ff534af23d96e720c1b875a
  R.swift: f5a87643b91ea569d23d6afb3eee9c743edde239
  R.swift.Library: cfe85d569d9bae6cb262922db130e7c3a7a5fad1

PODFILE CHECKSUM: e4b955d60effe81ebec5885d14af759449342e23

COCOAPODS: 1.8.4
